github.com/Shopify/sarama v0.0.0-20160328135527-68920ff1be3b h1:7OLdeZRMpfx36NDOWIw4g0tVbTiU8iMyADA2JW6SIlU=
github.com/Shopify/sarama v0.0.0-20160328135527-68920ff1be3b/go.mod h1:FVkBWblsNy7DGZRfXLU0O9RCGt5g3g3yEuWXgklEdEo=
github.com/Sirupsen/logrus v0.0.0-20160212112402-3455d89ac965 h1:PG+lpwqn37VIBI4cb+++tL2xBZhlj56qgWO3hGrjfhU=
github.com/Sirupsen/logrus v0.0.0-20160212112402-3455d89ac965/go.mod h1:rmk17hk6i8ZSAJkSDa7nOxamrG+SP4P0mm+DAvExv4U=
github.com/alecthomas/assert v0.0.0-20170929043011-405dbfeb8e38 h1:smF2tmSOzy2Mm+0dGI2AIUHY+w0BUc+4tn40djz7+6U=
github.com/alecthomas/assert v0.0.0-20170929043011-405dbfeb8e38/go.mod h1:r7bzyVFMNntcxPZXK3/+KdruV1H5KSlyVY0gc+NgInI=
github.com/alecthomas/colour v0.0.0-20160524082231-60882d9e2721 h1:JHZL0hZKJ1VENNfmXvHbgYlbUOvpzYzvy2aZU5gXVeo=
github.com/alecthomas/colour v0.0.0-20160524082231-60882d9e2721/go.mod h1:QO9JBoKquHd+jz9nshCh40fOfO+JzsoXy8qTHF68zU0=
github.com/alecthomas/repr v0.0.0-20180818092828-117648cd9897 h1:p9Sln00KOTlrYkxI1zYWl1QLnEqAqEARBEYa8FQnQcY=
github.com/alecthomas/repr v0.0.0-20180818092828-117648cd9897/go.mod h1:xTS7Pm1pD1mvyM075QCDSRqH6qRLXylzS24ZTpRiSzQ=
github.com/alecthomas/template v0.0.0-20151201005709-14fd436dd20c h1:l7d55hRuPWzgkdO2zc0k/nmBdo2fenbXwO9VpVRAGMg=
github.com/alecthomas/template v0.0.0-20151201005709-14fd436dd20c/go.mod h1:LOuyumcjzFXgccqObfd/Ljyb9UuFJ6TxHnclSeseNhc=
github.com/alecthomas/units v0.0.0-20151022065526-2efee857e7cf h1:qet1QNfXsQxTZqLG4oE62mJzwPIB8+Tee4RNCL9ulrY=
github.com/alecthomas/units v0.0.0-20151022065526-2efee857e7cf/go.mod h1:ybxpYRFXyAe+OPACYpWeL0wqObRcbAqCMya13uyzqw0=
github.com/davecgh/go-spew v0.0.0-20151105211317-5215b55f46b2 h1:5zdDAMuB3gvbHB1m2BZT9+t9w+xaBmK3ehb7skDXcwM=
github.com/davecgh/go-spew v0.0.0-20151105211317-5215b55f46b2/go.mod h1:J7Y8YcW2NihsgmVo/mv3lAwl/skON4iLHjSsI+c5H38=
github.com/eapache/go-resiliency v0.0.0-20160104191539-b86b1ec0dd42 h1:f8ERmXYuaC+kCSv2w+y3rBK/oVu6If4DEm3jywJJ0hc=
github.com/eapache/go-resiliency v0.0.0-20160104191539-b86b1ec0dd42/go.mod h1:kFI+JgMyC7bLPUVY133qvEBtVayf5mFgVsvEsIPBvNs=
github.com/eapache/queue v1.0.2 h1:jRJXCx6uciOfN69MfZCC9EZlGRqqHhwlyb6GBeNow+c=
github.com/eapache/queue v1.0.2/go.mod h1:6eCeP0CKFpHLu8blIFXhExK/dRa7WDZfr6jVFPTqq+I=
github.com/golang/snappy v0.0.0-20160304054822-5f1c01d9f64b h1:C3hVru/g8Rb+fEoQNofrQXu1HfzdFch1nYsYOhjtXJA=
github.com/golang/snappy v0.0.0-20160304054822-5f1c01d9f64b/go.mod h1:/XxbfmMg8lxefKM7IXC3fBNl/7bRcc72aCRzEWrmP2Q=
github.com/klauspost/crc32 v0.0.0-20160219142609-19b0b332c9e4 h1:0jrD8pR/1NKAvCBLkGl3sBjJbSiUwHKvqrXChkVIDPQ=
github.com/klauspost/crc32 v0.0.0-20160219142609-19b0b332c9e4/go.mod h1:+ZoRqAPRLkC4NPOvfYeR5KNOrY6TD+/sAC3HXPZgDYg=
github.com/mattn/go-isatty v0.0.4 h1:bnP0vzxcAdeI1zdubAl5PjU6zsERjGZb7raWodagDYs=
github.com/mattn/go-isatty v0.0.4/go.mod h1:M+lRXTBqGeGNdLjl/ufCoiOlB5xdOkqRJdNxMWT7Zi4=
github.com/pmezard/go-difflib v1.0.0 h1:4DBwDE0NGyQoBHbLQYPwSUPoCMWR5BEzIk/f1lZbAQM=
github.com/pmezard/go-difflib v1.0.0/go.mod h1:iKH77koFhYxTK1pcRnkKkqfTogsbg7gZNVY4sRDYZ/4=
github.com/sergi/go-diff v1.0.0 h1:Kpca3qRNrduNnOQeazBd0ysaKrUJiIuISHxogkT9RPQ=
github.com/sergi/go-diff v1.0.0/go.mod h1:0CfEIISq7TuYL3j771MWULgwwjU+GofnZX9QAmXWZgo=
github.com/stretchr/testify v1.2.2 h1:bSDNvY7ZPG5RlJ8otE/7V6gMiyenm9RtJ7IUVIAoJ1w=
github.com/stretchr/testify v1.2.2/go.mod h1:a8OnRcib4nhh0OaRAV+Yts87kKdq0PP7pXfy6kDkUVs=
golang.org/x/sys v0.0.0-20160204225817-50c6bc5e4292/go.mod h1:STP8DvDyc/dI5b8T5hshtkjS+E42TnysNCUPdjciGhY=
gopkg.in/alecthomas/kingpin.v2 v2.1.11 h1:XkypDUTQATD111Q6hJPVuyjVynaJV9DW27v01t91IbM=
gopkg.in/alecthomas/kingpin.v2 v2.1.11/go.mod h1:FMv+mEhP44yOT+4EoQTLFTRgOQ1FBLkstjWtayDeSgw=
